
Microsoft Visual Studio Solution File, Format Version 12.00
# Visual Studio Version 17
VisualStudioVersion = 17.9.34728.123
MinimumVisualStudioVersion = 10.0.40219.1
Project("{2150E333-8FDC-42A3-9474-1A3956D46DE8}") = "Services", "Services", "{E88E1574-E495-4DA9-8171-E3D547BE1BF3}"
EndProject
Project("{2150E333-8FDC-42A3-9474-1A3956D46DE8}") = "Catalog", "Catalog", "{847303CF-4684-48A3-8034-D4D882586591}"
EndProject
Project("{FAE04EC0-301F-11D3-BF4B-00C04F79EFBC}") = "Catalog.API", "Catalog.API\Catalog.API.csproj", "{094A8009-9549-4B3E-9F44-FCBE19DFAF4C}"
EndProject
Global
	GlobalSection(SolutionConfigurationPlatforms) = preSolution
		Debug|Any CPU = Debug|Any CPU
		Release|Any CPU = Release|Any CPU
	EndGlobalSection
	GlobalSection(ProjectConfigurationPlatforms) = postSolution
		{094A8009-9549-4B3E-9F44-FCBE19DFAF4C}.Debug|Any CPU.ActiveCfg = Debug|Any CPU
		{094A8009-9549-4B3E-9F44-FCBE19DFAF4C}.Debug|Any CPU.Build.0 = Debug|Any CPU
		{094A8009-9549-4B3E-9F44-FCBE19DFAF4C}.Release|Any CPU.ActiveCfg = Release|Any CPU
		{094A8009-9549-4B3E-9F44-FCBE19DFAF4C}.Release|Any CPU.Build.0 = Release|Any CPU
	EndGlobalSection
	GlobalSection(SolutionProperties) = preSolution
		HideSolutionNode = FALSE
	EndGlobalSection
	GlobalSection(NestedProjects) = preSolution
		{847303CF-4684-48A3-8034-D4D882586591} = {E88E1574-E495-4DA9-8171-E3D547BE1BF3}
		{094A8009-9549-4B3E-9F44-FCBE19DFAF4C} = {847303CF-4684-48A3-8034-D4D882586591}
	EndGlobalSection
	GlobalSection(ExtensibilityGlobals) = postSolution
		SolutionGuid = {45DA3710-4B20-4F0F-B609-96A601AA708E}
	EndGlobalSection
EndGlobal
